
Microsoft Visual Studio Solution File, Format Version 12.00
# Visual Studio Version 17
VisualStudioVersion = 17.8.34525.116
MinimumVisualStudioVersion = 10.0.40219.1
Project("{9A19103F-16F7-4668-BE54-9A1E7A4F7556}") = "CICD_APP", "CICD_APP\CICD_APP.csproj", "{C9D7F551-965A-43AD-BFBD-2950937D3916}"
EndProject
Global
	GlobalSection(SolutionConfigurationPlatforms) = preSolution
		Debug|Any CPU = Debug|Any CPU
		Release|Any CPU = Release|Any CPU
	EndGlobalSection
	GlobalSection(ProjectConfigurationPlatforms) = postSolution
		{C9D7F551-965A-43AD-BFBD-2950937D3916}.Debug|Any CPU.ActiveCfg = Debug|Any CPU
		{C9D7F551-965A-43AD-BFBD-2950937D3916}.Debug|Any CPU.Build.0 = Debug|Any CPU
		{C9D7F551-965A-43AD-BFBD-2950937D3916}.Release|Any CPU.ActiveCfg = Release|Any CPU
		{C9D7F551-965A-43AD-BFBD-2950937D3916}.Release|Any CPU.Build.0 = Release|Any CPU
	EndGlobalSection
	GlobalSection(SolutionProperties) = preSolution
		HideSolutionNode = FALSE
	EndGlobalSection
	GlobalSection(ExtensibilityGlobals) = postSolution
		SolutionGuid = {AA40B9B7-C22B-4F5B-8A59-1FC9BAFFB148}
	EndGlobalSection
EndGlobal
